
Microsoft Visual Studio Solution File, Format Version 12.00
# Visual Studio Version 17
VisualStudioVersion = 17.3.32929.385
MinimumVisualStudioVersion = 10.0.40219.1
Project("{2150E333-8FDC-42A3-9474-1A3956D46DE8}") = "Services", "Services", "{1740585D-CB13-4CBA-A15E-61248621349C}"
EndProject
Project("{2150E333-8FDC-42A3-9474-1A3956D46DE8}") = "WebApp", "WebApp", "{70A494A0-51C8-4870-BBE8-C28EC8AC144D}"
EndProject
Project("{9A19103F-16F7-4668-BE54-9A1E7A4F7556}") = "ALFASOFT.Domain", "src\ALFASOFT.Domain\ALFASOFT.Domain.csproj", "{6230FC30-70F9-4199-A8E3-5FA841E4C98C}"
EndProject
Project("{9A19103F-16F7-4668-BE54-9A1E7A4F7556}") = "ALFASOFT.Data", "src\ALFASOFT.Data\ALFASOFT.Data.csproj", "{39D35AF6-8BC7-4AF6-B595-4A1345F415F6}"
EndProject
Project("{9A19103F-16F7-4668-BE54-9A1E7A4F7556}") = "ALFASOFT.Application", "src\ALFASOFT.Application\ALFASOFT.Application.csproj", "{E2FA537A-72DA-49CC-9489-DD14A405C481}"
EndProject
Project("{9A19103F-16F7-4668-BE54-9A1E7A4F7556}") = "ALFASOFT.UI", "src\ALFASOFT.UI\ALFASOFT.UI.csproj", "{BCA4A33A-0958-45DD-9EE0-DDB0219125CF}"
EndProject
Project("{FAE04EC0-301F-11D3-BF4B-00C04F79EFBC}") = "ALFASOFT.IoC", "src\ALFASOFT.IoC\ALFASOFT.IoC.csproj", "{EF9BABB5-404D-4758-AE00-40D147023EAE}"
EndProject
Global
	GlobalSection(SolutionConfigurationPlatforms) = preSolution
		Debug|Any CPU = Debug|Any CPU
		Release|Any CPU = Release|Any CPU
	EndGlobalSection
	GlobalSection(ProjectConfigurationPlatforms) = postSolution
		{6230FC30-70F9-4199-A8E3-5FA841E4C98C}.Debug|Any CPU.ActiveCfg = Debug|Any CPU
		{6230FC30-70F9-4199-A8E3-5FA841E4C98C}.Debug|Any CPU.Build.0 = Debug|Any CPU
		{6230FC30-70F9-4199-A8E3-5FA841E4C98C}.Release|Any CPU.ActiveCfg = Release|Any CPU
		{6230FC30-70F9-4199-A8E3-5FA841E4C98C}.Release|Any CPU.Build.0 = Release|Any CPU
		{39D35AF6-8BC7-4AF6-B595-4A1345F415F6}.Debug|Any CPU.ActiveCfg = Debug|Any CPU
		{39D35AF6-8BC7-4AF6-B595-4A1345F415F6}.Debug|Any CPU.Build.0 = Debug|Any CPU
		{39D35AF6-8BC7-4AF6-B595-4A1345F415F6}.Release|Any CPU.ActiveCfg = Release|Any CPU
		{39D35AF6-8BC7-4AF6-B595-4A1345F415F6}.Release|Any CPU.Build.0 = Release|Any CPU
		{E2FA537A-72DA-49CC-9489-DD14A405C481}.Debug|Any CPU.ActiveCfg = Debug|Any CPU
		{E2FA537A-72DA-49CC-9489-DD14A405C481}.Debug|Any CPU.Build.0 = Debug|Any CPU
		{E2FA537A-72DA-49CC-9489-DD14A405C481}.Release|Any CPU.ActiveCfg = Release|Any CPU
		{E2FA537A-72DA-49CC-9489-DD14A405C481}.Release|Any CPU.Build.0 = Release|Any CPU
		{BCA4A33A-0958-45DD-9EE0-DDB0219125CF}.Debug|Any CPU.ActiveCfg = Debug|Any CPU
		{BCA4A33A-0958-45DD-9EE0-DDB0219125CF}.Debug|Any CPU.Build.0 = Debug|Any CPU
		{BCA4A33A-0958-45DD-9EE0-DDB0219125CF}.Release|Any CPU.ActiveCfg = Release|Any CPU
		{BCA4A33A-0958-45DD-9EE0-DDB0219125CF}.Release|Any CPU.Build.0 = Release|Any CPU
		{EF9BABB5-404D-4758-AE00-40D147023EAE}.Debug|Any CPU.ActiveCfg = Debug|Any CPU
		{EF9BABB5-404D-4758-AE00-40D147023EAE}.Debug|Any CPU.Build.0 = Debug|Any CPU
		{EF9BABB5-404D-4758-AE00-40D147023EAE}.Release|Any CPU.ActiveCfg = Release|Any CPU
		{EF9BABB5-404D-4758-AE00-40D147023EAE}.Release|Any CPU.Build.0 = Release|Any CPU
	EndGlobalSection
	GlobalSection(SolutionProperties) = preSolution
		HideSolutionNode = FALSE
	EndGlobalSection
	GlobalSection(NestedProjects) = preSolution
		{6230FC30-70F9-4199-A8E3-5FA841E4C98C} = {1740585D-CB13-4CBA-A15E-61248621349C}
		{39D35AF6-8BC7-4AF6-B595-4A1345F415F6} = {1740585D-CB13-4CBA-A15E-61248621349C}
		{E2FA537A-72DA-49CC-9489-DD14A405C481} = {1740585D-CB13-4CBA-A15E-61248621349C}
		{BCA4A33A-0958-45DD-9EE0-DDB0219125CF} = {70A494A0-51C8-4870-BBE8-C28EC8AC144D}
		{EF9BABB5-404D-4758-AE00-40D147023EAE} = {1740585D-CB13-4CBA-A15E-61248621349C}
	EndGlobalSection
	GlobalSection(ExtensibilityGlobals) = postSolution
		SolutionGuid = {7C83DCF1-6A21-4FEA-AB92-688C0188E47B}
	EndGlobalSection
EndGlobal
